speakeasyVersion: 1.590.0
sources:
    DBR Buffer Management System API:
        sourceNamespace: dbr-buffer-management-system-api
        sourceRevisionDigest: sha256:45a0588542f0b35ca3ddc2e7b630bd113f5fb666c5ba6668e7ec1b7a182b4e6f
        sourceBlobDigest: sha256:3dbae8e2eadf2bc356f568db749b0730aa2ff31359b6e411021a9d80648326b5
        tags:
            - latest
            - 1.0.0
targets:
    dbrsdk:
        source: DBR Buffer Management System API
        sourceNamespace: dbr-buffer-management-system-api
        sourceRevisionDigest: sha256:45a0588542f0b35ca3ddc2e7b630bd113f5fb666c5ba6668e7ec1b7a182b4e6f
        sourceBlobDigest: sha256:3dbae8e2eadf2bc356f568db749b0730aa2ff31359b6e411021a9d80648326b5
        codeSamplesNamespace: dbr-buffer-management-system-api-python-code-samples
        codeSamplesRevisionDigest: sha256:ae1154843835ff59e17b6f19e90f35487138a2f1e28d3380e431dacdc92692c3
workflow:
    workflowVersion: 1.0.0
    speakeasyVersion: latest
    sources:
        DBR Buffer Management System API:
            inputs:
                - location: http://127.0.0.1:8000/openapi.json
            overlays:
                - location: .speakeasy\speakeasy-modifications-overlay.yaml
                - location: .speakeasy\speakeasy-error-modifications-overlay.yml
                - location: .speakeasy\speakeasy-error-modifications-for-health-overlay.yml
            output: .speakeasy/out.openapi.yaml
            registry:
                location: registry.speakeasyapi.dev/throughput-focus/dbr/dbr-buffer-management-system-api
    targets:
        dbrsdk:
            target: python
            source: DBR Buffer Management System API
            codeSamples:
                registry:
                    location: registry.speakeasyapi.dev/throughput-focus/dbr/dbr-buffer-management-system-api-python-code-samples
                labelOverride:
                    fixedValue: Python (SDK)
                blocking: false
