speakeasyVersion: 1.596.0
sources:
    DBR Buffer Management System API:
        sourceNamespace: dbr-buffer-management-system-api
        sourceRevisionDigest: sha256:7db73eabb80374c2de4adbf1ba3092e1df1fed7a2ab0aacb3d636d8231eeaa29
        sourceBlobDigest: sha256:be3e5e61610cc02f6998362e1b319ae8019507a49f8334256a4c7569f3f66bce
        tags:
            - latest
            - 1.0.0
targets:
    dbrsdk:
        source: DBR Buffer Management System API
        sourceNamespace: dbr-buffer-management-system-api
        sourceRevisionDigest: sha256:7db73eabb80374c2de4adbf1ba3092e1df1fed7a2ab0aacb3d636d8231eeaa29
        sourceBlobDigest: sha256:be3e5e61610cc02f6998362e1b319ae8019507a49f8334256a4c7569f3f66bce
        codeSamplesNamespace: dbr-buffer-management-system-api-python-code-samples
        codeSamplesRevisionDigest: sha256:24f7c89469d2c1181339b133d50a24f5c80bd980a4e16ccc7b85afbd61854c0d
workflow:
    workflowVersion: 1.0.0
    speakeasyVersion: latest
    sources:
        DBR Buffer Management System API:
            inputs:
                - location: http://127.0.0.1:8000/openapi.json
            overlays:
                - location: .speakeasy\speakeasy-modifications-overlay.yaml
                - location: .speakeasy\speakeasy-error-modifications-overlay.yml
                - location: .speakeasy\speakeasy-error-modifications-for-health-overlay.yml
            output: .speakeasy/out.openapi.yaml
            registry:
                location: registry.speakeasyapi.dev/throughput-focus/dbr/dbr-buffer-management-system-api
    targets:
        dbrsdk:
            target: python
            source: DBR Buffer Management System API
            codeSamples:
                registry:
                    location: registry.speakeasyapi.dev/throughput-focus/dbr/dbr-buffer-management-system-api-python-code-samples
                labelOverride:
                    fixedValue: Python (SDK)
                blocking: false
